
Microsoft Visual Studio Solution File, Format Version 12.00
# Visual Studio Version 16
VisualStudioVersion = 16.0.30002.166
MinimumVisualStudioVersion = 10.0.40219.1
Project("{FAE04EC0-301F-11D3-BF4B-00C04F79EFBC}") = "SocialNetworking_DAB3_handin", "SocialNetworking_DAB3_handin.csproj", "{ED1C94A5-FB01-4391-9A98-F39F48F4919F}"
EndProject
Global
	GlobalSection(SolutionConfigurationPlatforms) = preSolution
		Debug|Any CPU = Debug|Any CPU
		Release|Any CPU = Release|Any CPU
	EndGlobalSection
	GlobalSection(ProjectConfigurationPlatforms) = postSolution
		{ED1C94A5-FB01-4391-9A98-F39F48F4919F}.Debug|Any CPU.ActiveCfg = Debug|Any CPU
		{ED1C94A5-FB01-4391-9A98-F39F48F4919F}.Debug|Any CPU.Build.0 = Debug|Any CPU
		{ED1C94A5-FB01-4391-9A98-F39F48F4919F}.Release|Any CPU.ActiveCfg = Release|Any CPU
		{ED1C94A5-FB01-4391-9A98-F39F48F4919F}.Release|Any CPU.Build.0 = Release|Any CPU
	EndGlobalSection
	GlobalSection(SolutionProperties) = preSolution
		HideSolutionNode = FALSE
	EndGlobalSection
	GlobalSection(ExtensibilityGlobals) = postSolution
		SolutionGuid = {F7901F33-3998-46EF-A79D-5A94C0F85D19}
	EndGlobalSection
EndGlobal
